// !$*UTF8*$!
{
	archiveVersion = 1;
	classes = {
	};
	objectVersion = 56;
	objects = {

/* Begin PBXBuildFile section */
		055053ABC5A5B3FBEF2BF726 /* Pods_TextSight.framework in Frameworks */ = {isa = PBXBuildFile; fileRef = 85C8886DA10EB26C965787FF /* Pods_TextSight.framework */; };
		CF2AEFA82AEEAAF80085ABF4 /* HomeView.swift in Sources */ = {isa = PBXBuildFile; fileRef = CF2AEFA72AEEAAF80085ABF4 /* HomeView.swift */; };
		CF2AEFAA2AEEAB340085ABF4 /* Theme.swift in Sources */ = {isa = PBXBuildFile; fileRef = CF2AEFA92AEEAB340085ABF4 /* Theme.swift */; };
		CF2AEFAD2AEEB2510085ABF4 /* HistoryView.swift in Sources */ = {isa = PBXBuildFile; fileRef = CF2AEFAC2AEEB2510085ABF4 /* HistoryView.swift */; };
		CF2DB6552AEE314F004CCB12 /* TextSightApp.swift in Sources */ = {isa = PBXBuildFile; fileRef = CF2DB6542AEE314F004CCB12 /* TextSightApp.swift */; };
		CF2DB6572AEE314F004CCB12 /* BottomTabBar.swift in Sources */ = {isa = PBXBuildFile; fileRef = CF2DB6562AEE314F004CCB12 /* BottomTabBar.swift */; };
		CF2DB6592AEE314F004CCB12 /* Item.swift in Sources */ = {isa = PBXBuildFile; fileRef = CF2DB6582AEE314F004CCB12 /* Item.swift */; };
		CF2DB65B2AEE3150004CCB12 /* Assets.xcassets in Resources */ = {isa = PBXBuildFile; fileRef = CF2DB65A2AEE3150004CCB12 /* Assets.xcassets */; };
		CF2DB65E2AEE3150004CCB12 /* Preview Assets.xcassets in Resources */ = {isa = PBXBuildFile; fileRef = CF2DB65D2AEE3150004CCB12 /* Preview Assets.xcassets */; };
		CFF0FB872AEE47120045CEA6 /* LaunchScreen.storyboard in Resources */ = {isa = PBXBuildFile; fileRef = CFF0FB862AEE47120045CEA6 /* LaunchScreen.storyboard */; };
		CFF0FB8B2AEE4AB20045CEA6 /*  Image++.swift in Sources */ = {isa = PBXBuildFile; fileRef = CFF0FB8A2AEE4AB20045CEA6 /*  Image++.swift */; };
		CFF0FB8E2AEE4C9B0045CEA6 /* DarkMode++.swift in Sources */ = {isa = PBXBuildFile; fileRef = CFF0FB8D2AEE4C9B0045CEA6 /* DarkMode++.swift */; };
/* End PBXBuildFile section */

/* Begin PBXFileReference section */
		754A45CB04D35ACB593A7690 /* Pods-TextSight.release.xcconfig */ = {isa = PBXFileReference; includeInIndex = 1; lastKnownFileType = text.xcconfig; name = "Pods-TextSight.release.xcconfig"; path = "Target Support Files/Pods-TextSight/Pods-TextSight.release.xcconfig"; sourceTree = "<group>"; };
		85C8886DA10EB26C965787FF /* Pods_TextSight.framework */ = {isa = PBXFileReference; explicitFileType = wrapper.framework; includeInIndex = 0; path = Pods_TextSight.framework; sourceTree = BUILT_PRODUCTS_DIR; };
		96C89372FAA9B0492621627E /* Pods-TextSight.debug.xcconfig */ = {isa = PBXFileReference; includeInIndex = 1; lastKnownFileType = text.xcconfig; name = "Pods-TextSight.debug.xcconfig"; path = "Target Support Files/Pods-TextSight/Pods-TextSight.debug.xcconfig"; sourceTree = "<group>"; };
		CF2AEFA72AEEAAF80085ABF4 /* HomeView.swift */ = {isa = PBXFileReference; lastKnownFileType = sourcecode.swift; path = HomeView.swift; sourceTree = "<group>"; };
		CF2AEFA92AEEAB340085ABF4 /* Theme.swift */ = {isa = PBXFileReference; lastKnownFileType = sourcecode.swift; path = Theme.swift; sourceTree = "<group>"; };
		CF2AEFAC2AEEB2510085ABF4 /* HistoryView.swift */ = {isa = PBXFileReference; lastKnownFileType = sourcecode.swift; path = HistoryView.swift; sourceTree = "<group>"; };
		CF2DB6512AEE314F004CCB12 /* TextSight.app */ = {isa = PBXFileReference; explicitFileType = wrapper.application; includeInIndex = 0; path = TextSight.app; sourceTree = BUILT_PRODUCTS_DIR; };
		CF2DB6542AEE314F004CCB12 /* TextSightApp.swift */ = {isa = PBXFileReference; lastKnownFileType = sourcecode.swift; path = TextSightApp.swift; sourceTree = "<group>"; };
		CF2DB6562AEE314F004CCB12 /* BottomTabBar.swift */ = {isa = PBXFileReference; lastKnownFileType = sourcecode.swift; path = BottomTabBar.swift; sourceTree = "<group>"; };
		CF2DB6582AEE314F004CCB12 /* Item.swift */ = {isa = PBXFileReference; lastKnownFileType = sourcecode.swift; path = Item.swift; sourceTree = "<group>"; };
		CF2DB65A2AEE3150004CCB12 /* Assets.xcassets */ = {isa = PBXFileReference; lastKnownFileType = folder.assetcatalog; path = Assets.xcassets; sourceTree = "<group>"; };
		CF2DB65D2AEE3150004CCB12 /* Preview Assets.xcassets */ = {isa = PBXFileReference; lastKnownFileType = folder.assetcatalog; path = "Preview Assets.xcassets"; sourceTree = "<group>"; };
		CFF0FB862AEE47120045CEA6 /* LaunchScreen.storyboard */ = {isa = PBXFileReference; lastKnownFileType = file.storyboard; path = LaunchScreen.storyboard; sourceTree = "<group>"; };
		CFF0FB8A2AEE4AB20045CEA6 /*  Image++.swift */ = {isa = PBXFileReference; lastKnownFileType = sourcecode.swift; path = " Image++.swift"; sourceTree = "<group>"; };
		CFF0FB8D2AEE4C9B0045CEA6 /* DarkMode++.swift */ = {isa = PBXFileReference; lastKnownFileType = sourcecode.swift; path = "DarkMode++.swift"; sourceTree = "<group>"; };
/* End PBXFileReference section */

/* Begin PBXFrameworksBuildPhase section */
		CF2DB64E2AEE314F004CCB12 /* Frameworks */ = {
			isa = PBXFrameworksBuildPhase;
			buildActionMask = 2147483647;
			files = (
				055053ABC5A5B3FBEF2BF726 /* Pods_TextSight.framework in Frameworks */,
			);
			runOnlyForDeploymentPostprocessing = 0;
		};
/* End PBXFrameworksBuildPhase section */

/* Begin PBXGroup section */
		4DCE48180012BF6DDEC8C7F2 /* Frameworks */ = {
			isa = PBXGroup;
			children = (
				85C8886DA10EB26C965787FF /* Pods_TextSight.framework */,
			);
			name = Frameworks;
			sourceTree = "<group>";
		};
		7B4E30DE30CBC6F409760277 /* Pods */ = {
			isa = PBXGroup;
			children = (
				96C89372FAA9B0492621627E /* Pods-TextSight.debug.xcconfig */,
				754A45CB04D35ACB593A7690 /* Pods-TextSight.release.xcconfig */,
			);
			path = Pods;
			sourceTree = "<group>";
		};
		CF2AEFA62AEEAAEB0085ABF4 /* Home */ = {
			isa = PBXGroup;
			children = (
				CF2AEFA72AEEAAF80085ABF4 /* HomeView.swift */,
			);
			path = Home;
			sourceTree = "<group>";
		};
		CF2AEFAB2AEEB2480085ABF4 /* History */ = {
			isa = PBXGroup;
			children = (
				CF2AEFAC2AEEB2510085ABF4 /* HistoryView.swift */,
			);
			path = History;
			sourceTree = "<group>";
		};
		CF2DB6482AEE314F004CCB12 = {
			isa = PBXGroup;
			children = (
				CF2DB6532AEE314F004CCB12 /* TextSight */,
				CF2DB6522AEE314F004CCB12 /* Products */,
				7B4E30DE30CBC6F409760277 /* Pods */,
				4DCE48180012BF6DDEC8C7F2 /* Frameworks */,
			);
			sourceTree = "<group>";
		};
		CF2DB6522AEE314F004CCB12 /* Products */ = {
			isa = PBXGroup;
			children = (
				CF2DB6512AEE314F004CCB12 /* TextSight.app */,
			);
			name = Products;
			sourceTree = "<group>";
		};
		CF2DB6532AEE314F004CCB12 /* TextSight */ = {
			isa = PBXGroup;
			children = (
				CFF0FB882AEE4A9C0045CEA6 /* Utility */,
				CFF0FB8F2AEE4E0E0045CEA6 /* View+ViewModel */,
				CF2DB6542AEE314F004CCB12 /* TextSightApp.swift */,
				CF2DB6582AEE314F004CCB12 /* Item.swift */,
				CF2DB65A2AEE3150004CCB12 /* Assets.xcassets */,
				CF2DB65C2AEE3150004CCB12 /* Preview Content */,
			);
			path = TextSight;
			sourceTree = "<group>";
		};
		CF2DB65C2AEE3150004CCB12 /* Preview Content */ = {
			isa = PBXGroup;
			children = (
				CF2DB65D2AEE3150004CCB12 /* Preview Assets.xcassets */,
			);
			path = "Preview Content";
			sourceTree = "<group>";
		};
		CFF0FB882AEE4A9C0045CEA6 /* Utility */ = {
			isa = PBXGroup;
			children = (
				CFF0FB8C2AEE4C810045CEA6 /* Helpers */,
				CFF0FB892AEE4AA30045CEA6 /* Extensions */,
				CF2AEFA92AEEAB340085ABF4 /* Theme.swift */,
			);
			path = Utility;
			sourceTree = "<group>";
		};
		CFF0FB892AEE4AA30045CEA6 /* Extensions */ = {
			isa = PBXGroup;
			children = (
				CFF0FB8A2AEE4AB20045CEA6 /*  Image++.swift */,
			);
			path = Extensions;
			sourceTree = "<group>";
		};
		CFF0FB8C2AEE4C810045CEA6 /* Helpers */ = {
			isa = PBXGroup;
			children = (
				CFF0FB8D2AEE4C9B0045CEA6 /* DarkMode++.swift */,
			);
			path = Helpers;
			sourceTree = "<group>";
		};
		CFF0FB8F2AEE4E0E0045CEA6 /* View+ViewModel */ = {
			isa = PBXGroup;
			children = (
				CF2AEFAB2AEEB2480085ABF4 /* History */,
				CF2AEFA62AEEAAEB0085ABF4 /* Home */,
				CFF0FB902AEE4E1B0045CEA6 /* SplashScreen */,
				CF2DB6562AEE314F004CCB12 /* BottomTabBar.swift */,
			);
			path = "View+ViewModel";
			sourceTree = "<group>";
		};
		CFF0FB902AEE4E1B0045CEA6 /* SplashScreen */ = {
			isa = PBXGroup;
			children = (
				CFF0FB862AEE47120045CEA6 /* LaunchScreen.storyboard */,
			);
			path = SplashScreen;
			sourceTree = "<group>";
		};
/* End PBXGroup section */

/* Begin PBXNativeTarget section */
		CF2DB6502AEE314F004CCB12 /* TextSight */ = {
			isa = PBXNativeTarget;
			buildConfigurationList = CF2DB6612AEE3150004CCB12 /* Build configuration list for PBXNativeTarget "TextSight" */;
			buildPhases = (
				87816E0178350EDF7B900CA0 /* [CP] Check Pods Manifest.lock */,
				CF2DB64D2AEE314F004CCB12 /* Sources */,
				CF2DB64E2AEE314F004CCB12 /* Frameworks */,
				CF2DB64F2AEE314F004CCB12 /* Resources */,
				86717DE717B6C46A82296928 /* [CP] Embed Pods Frameworks */,
				2828D183569FF1405A62F190 /* [CP] Copy Pods Resources */,
			);
			buildRules = (
			);
			dependencies = (
			);
			name = TextSight;
			productName = TextSight;
			productReference = CF2DB6512AEE314F004CCB12 /* TextSight.app */;
			productType = "com.apple.product-type.application";
		};
/* End PBXNativeTarget section */

/* Begin PBXProject section */
		CF2DB6492AEE314F004CCB12 /* Project object */ = {
			isa = PBXProject;
			attributes = {
				BuildIndependentTargetsInParallel = 1;
				LastSwiftUpdateCheck = 1500;
				LastUpgradeCheck = 1500;
				TargetAttributes = {
					CF2DB6502AEE314F004CCB12 = {
						CreatedOnToolsVersion = 15.0.1;
					};
				};
			};
			buildConfigurationList = CF2DB64C2AEE314F004CCB12 /* Build configuration list for PBXProject "TextSight" */;
			compatibilityVersion = "Xcode 14.0";
			developmentRegion = en;
			hasScannedForEncodings = 0;
			knownRegions = (
				en,
				Base,
			);
			mainGroup = CF2DB6482AEE314F004CCB12;
			productRefGroup = CF2DB6522AEE314F004CCB12 /* Products */;
			projectDirPath = "";
			projectRoot = "";
			targets = (
				CF2DB6502AEE314F004CCB12 /* TextSight */,
			);
		};
/* End PBXProject section */

/* Begin PBXResourcesBuildPhase section */
		CF2DB64F2AEE314F004CCB12 /* Resources */ = {
			isa = PBXResourcesBuildPhase;
			buildActionMask = 2147483647;
			files = (
				CFF0FB872AEE47120045CEA6 /* LaunchScreen.storyboard in Resources */,
				CF2DB65E2AEE3150004CCB12 /* Preview Assets.xcassets in Resources */,
				CF2DB65B2AEE3150004CCB12 /* Assets.xcassets in Resources */,
			);
			runOnlyForDeploymentPostprocessing = 0;
		};
/* End PBXResourcesBuildPhase section */

/* Begin PBXShellScriptBuildPhase section */
		2828D183569FF1405A62F190 /* [CP] Copy Pods Resources */ = {
			isa = PBXShellScriptBuildPhase;
			buildActionMask = 2147483647;
			files = (
			);
			inputFileListPaths = (
				"${PODS_ROOT}/Target Support Files/Pods-TextSight/Pods-TextSight-resources-${CONFIGURATION}-input-files.xcfilelist",
			);
			name = "[CP] Copy Pods Resources";
			outputFileListPaths = (
				"${PODS_ROOT}/Target Support Files/Pods-TextSight/Pods-TextSight-resources-${CONFIGURATION}-output-files.xcfilelist",
			);
			runOnlyForDeploymentPostprocessing = 0;
			shellPath = /bin/sh;
			shellScript = "\"${PODS_ROOT}/Target Support Files/Pods-TextSight/Pods-TextSight-resources.sh\"\n";
			showEnvVarsInLog = 0;
		};
		86717DE717B6C46A82296928 /* [CP] Embed Pods Frameworks */ = {
			isa = PBXShellScriptBuildPhase;
			buildActionMask = 2147483647;
			files = (
			);
			inputFileListPaths = (
				"${PODS_ROOT}/Target Support Files/Pods-TextSight/Pods-TextSight-frameworks-${CONFIGURATION}-input-files.xcfilelist",
			);
			name = "[CP] Embed Pods Frameworks";
			outputFileListPaths = (
				"${PODS_ROOT}/Target Support Files/Pods-TextSight/Pods-TextSight-frameworks-${CONFIGURATION}-output-files.xcfilelist",
			);
			runOnlyForDeploymentPostprocessing = 0;
			shellPath = /bin/sh;
			shellScript = "\"${PODS_ROOT}/Target Support Files/Pods-TextSight/Pods-TextSight-frameworks.sh\"\n";
			showEnvVarsInLog = 0;
		};
		87816E0178350EDF7B900CA0 /* [CP] Check Pods Manifest.lock */ = {
			isa = PBXShellScriptBuildPhase;
			buildActionMask = 2147483647;
			files = (
			);
			inputFileListPaths = (
			);
			inputPaths = (
				"${PODS_PODFILE_DIR_PATH}/Podfile.lock",
				"${PODS_ROOT}/Manifest.lock",
			);
			name = "[CP] Check Pods Manifest.lock";
			outputFileListPaths = (
			);
			outputPaths = (
				"$(DERIVED_FILE_DIR)/Pods-TextSight-checkManifestLockResult.txt",
			);
			runOnlyForDeploymentPostprocessing = 0;
			shellPath = /bin/sh;
			shellScript = "diff \"${PODS_PODFILE_DIR_PATH}/Podfile.lock\" \"${PODS_ROOT}/Manifest.lock\" > /dev/null\nif [ $? != 0 ] ; then\n    # print error to STDERR\n    echo \"error: The sandbox is not in sync with the Podfile.lock. Run 'pod install' or update your CocoaPods installation.\" >&2\n    exit 1\nfi\n# This output is used by Xcode 'outputs' to avoid re-running this script phase.\necho \"SUCCESS\" > \"${SCRIPT_OUTPUT_FILE_0}\"\n";
			showEnvVarsInLog = 0;
		};
/* End PBXShellScriptBuildPhase section */

/* Begin PBXSourcesBuildPhase section */
		CF2DB64D2AEE314F004CCB12 /* Sources */ = {
			isa = PBXSourcesBuildPhase;
			buildActionMask = 2147483647;
			files = (
				CFF0FB8E2AEE4C9B0045CEA6 /* DarkMode++.swift in Sources */,
				CF2AEFAD2AEEB2510085ABF4 /* HistoryView.swift in Sources */,
				CF2DB6572AEE314F004CCB12 /* BottomTabBar.swift in Sources */,
				CF2DB6592AEE314F004CCB12 /* Item.swift in Sources */,
				CF2AEFA82AEEAAF80085ABF4 /* HomeView.swift in Sources */,
				CFF0FB8B2AEE4AB20045CEA6 /*  Image++.swift in Sources */,
				CF2DB6552AEE314F004CCB12 /* TextSightApp.swift in Sources */,
				CF2AEFAA2AEEAB340085ABF4 /* Theme.swift in Sources */,
			);
			runOnlyForDeploymentPostprocessing = 0;
		};
/* End PBXSourcesBuildPhase section */

/* Begin XCBuildConfiguration section */
		CF2DB65F2AEE3150004CCB12 /* Debug */ = {
			isa = XCBuildConfiguration;
			buildSettings = {
				ALWAYS_SEARCH_USER_PATHS = NO;
				ASSETCATALOG_COMPILER_GENERATE_SWIFT_ASSET_SYMBOL_EXTENSIONS = YES;
				CLANG_ANALYZER_NONNULL = YES;
				CLANG_ANALYZER_NUMBER_OBJECT_CONVERSION = YES_AGGRESSIVE;
				CLANG_CXX_LANGUAGE_STANDARD = "gnu++20";
				CLANG_ENABLE_MODULES = YES;
				CLANG_ENABLE_OBJC_ARC = YES;
				CLANG_ENABLE_OBJC_WEAK = YES;
				CLANG_WARN_BLOCK_CAPTURE_AUTORELEASING = YES;
				CLANG_WARN_BOOL_CONVERSION = YES;
				CLANG_WARN_COMMA = YES;
				CLANG_WARN_CONSTANT_CONVERSION = YES;
				CLANG_WARN_DEPRECATED_OBJC_IMPLEMENTATIONS = YES;
				CLANG_WARN_DIRECT_OBJC_ISA_USAGE = YES_ERROR;
				CLANG_WARN_DOCUMENTATION_COMMENTS = YES;
				CLANG_WARN_EMPTY_BODY = YES;
				CLANG_WARN_ENUM_CONVERSION = YES;
				CLANG_WARN_INFINITE_RECURSION = YES;
				CLANG_WARN_INT_CONVERSION = YES;
				CLANG_WARN_NON_LITERAL_NULL_CONVERSION = YES;
				CLANG_WARN_OBJC_IMPLICIT_RETAIN_SELF = YES;
				CLANG_WARN_OBJC_LITERAL_CONVERSION = YES;
				CLANG_WARN_OBJC_ROOT_CLASS = YES_ERROR;
				CLANG_WARN_QUOTED_INCLUDE_IN_FRAMEWORK_HEADER = YES;
				CLANG_WARN_RANGE_LOOP_ANALYSIS = YES;
				CLANG_WARN_STRICT_PROTOTYPES = YES;
				CLANG_WARN_SUSPICIOUS_MOVE = YES;
				CLANG_WARN_UNGUARDED_AVAILABILITY = YES_AGGRESSIVE;
				CLANG_WARN_UNREACHABLE_CODE = YES;
				CLANG_WARN__DUPLICATE_METHOD_MATCH = YES;
				COPY_PHASE_STRIP = NO;
				DEBUG_INFORMATION_FORMAT = dwarf;
				ENABLE_STRICT_OBJC_MSGSEND = YES;
				ENABLE_TESTABILITY = YES;
				ENABLE_USER_SCRIPT_SANDBOXING = YES;
				GCC_C_LANGUAGE_STANDARD = gnu17;
				GCC_DYNAMIC_NO_PIC = NO;
				GCC_NO_COMMON_BLOCKS = YES;
				GCC_OPTIMIZATION_LEVEL = 0;
				GCC_PREPROCESSOR_DEFINITIONS = (
					"DEBUG=1",
					"$(inherited)",
				);
				GCC_WARN_64_TO_32_BIT_CONVERSION = YES;
				GCC_WARN_ABOUT_RETURN_TYPE = YES_ERROR;
				GCC_WARN_UNDECLARED_SELECTOR = YES;
				GCC_WARN_UNINITIALIZED_AUTOS = YES_AGGRESSIVE;
				GCC_WARN_UNUSED_FUNCTION = YES;
				GCC_WARN_UNUSED_VARIABLE = YES;
				IPHONEOS_DEPLOYMENT_TARGET = 17.0;
				LOCALIZATION_PREFERS_STRING_CATALOGS = YES;
				MTL_ENABLE_DEBUG_INFO = INCLUDE_SOURCE;
				MTL_FAST_MATH = YES;
				ONLY_ACTIVE_ARCH = YES;
				SDKROOT = iphoneos;
				SWIFT_ACTIVE_COMPILATION_CONDITIONS = "DEBUG $(inherited)";
				SWIFT_OPTIMIZATION_LEVEL = "-Onone";
			};
			name = Debug;
		};
		CF2DB6602AEE3150004CCB12 /* Release */ = {
			isa = XCBuildConfiguration;
			buildSettings = {
				ALWAYS_SEARCH_USER_PATHS = NO;
				ASSETCATALOG_COMPILER_GENERATE_SWIFT_ASSET_SYMBOL_EXTENSIONS = YES;
				CLANG_ANALYZER_NONNULL = YES;
				CLANG_ANALYZER_NUMBER_OBJECT_CONVERSION = YES_AGGRESSIVE;
				CLANG_CXX_LANGUAGE_STANDARD = "gnu++20";
				CLANG_ENABLE_MODULES = YES;
				CLANG_ENABLE_OBJC_ARC = YES;
				CLANG_ENABLE_OBJC_WEAK = YES;
				CLANG_WARN_BLOCK_CAPTURE_AUTORELEASING = YES;
				CLANG_WARN_BOOL_CONVERSION = YES;
				CLANG_WARN_COMMA = YES;
				CLANG_WARN_CONSTANT_CONVERSION = YES;
				CLANG_WARN_DEPRECATED_OBJC_IMPLEMENTATIONS = YES;
				CLANG_WARN_DIRECT_OBJC_ISA_USAGE = YES_ERROR;
				CLANG_WARN_DOCUMENTATION_COMMENTS = YES;
				CLANG_WARN_EMPTY_BODY = YES;
				CLANG_WARN_ENUM_CONVERSION = YES;
				CLANG_WARN_INFINITE_RECURSION = YES;
				CLANG_WARN_INT_CONVERSION = YES;
				CLANG_WARN_NON_LITERAL_NULL_CONVERSION = YES;
				CLANG_WARN_OBJC_IMPLICIT_RETAIN_SELF = YES;
				CLANG_WARN_OBJC_LITERAL_CONVERSION = YES;
				CLANG_WARN_OBJC_ROOT_CLASS = YES_ERROR;
				CLANG_WARN_QUOTED_INCLUDE_IN_FRAMEWORK_HEADER = YES;
				CLANG_WARN_RANGE_LOOP_ANALYSIS = YES;
				CLANG_WARN_STRICT_PROTOTYPES = YES;
				CLANG_WARN_SUSPICIOUS_MOVE = YES;
				CLANG_WARN_UNGUARDED_AVAILABILITY = YES_AGGRESSIVE;
				CLANG_WARN_UNREACHABLE_CODE = YES;
				CLANG_WARN__DUPLICATE_METHOD_MATCH = YES;
				COPY_PHASE_STRIP = NO;
				DEBUG_INFORMATION_FORMAT = "dwarf-with-dsym";
				ENABLE_NS_ASSERTIONS = NO;
				ENABLE_STRICT_OBJC_MSGSEND = YES;
				ENABLE_USER_SCRIPT_SANDBOXING = YES;
				GCC_C_LANGUAGE_STANDARD = gnu17;
				GCC_NO_COMMON_BLOCKS = YES;
				GCC_WARN_64_TO_32_BIT_CONVERSION = YES;
				GCC_WARN_ABOUT_RETURN_TYPE = YES_ERROR;
				GCC_WARN_UNDECLARED_SELECTOR = YES;
				GCC_WARN_UNINITIALIZED_AUTOS = YES_AGGRESSIVE;
				GCC_WARN_UNUSED_FUNCTION = YES;
				GCC_WARN_UNUSED_VARIABLE = YES;
				IPHONEOS_DEPLOYMENT_TARGET = 17.0;
				LOCALIZATION_PREFERS_STRING_CATALOGS = YES;
				MTL_ENABLE_DEBUG_INFO = NO;
				MTL_FAST_MATH = YES;
				SDKROOT = iphoneos;
				SWIFT_COMPILATION_MODE = wholemodule;
				VALIDATE_PRODUCT = YES;
			};
			name = Release;
		};
		CF2DB6622AEE3150004CCB12 /* Debug */ = {
			isa = XCBuildConfiguration;
			baseConfigurationReference = 96C89372FAA9B0492621627E /* Pods-TextSight.debug.xcconfig */;
			buildSettings = {
				ASSETCATALOG_COMPILER_APPICON_NAME = AppIcon;
				ASSETCATALOG_COMPILER_GLOBAL_ACCENT_COLOR_NAME = AccentColor;
				CODE_SIGN_STYLE = Manual;
				CURRENT_PROJECT_VERSION = 1;
				DEVELOPMENT_ASSET_PATHS = "\"TextSight/Preview Content\"";
				DEVELOPMENT_TEAM = "";
				ENABLE_PREVIEWS = YES;
				ENABLE_USER_SCRIPT_SANDBOXING = NO;
				EXCLUDED_ARCHS = arm64;
				GENERATE_INFOPLIST_FILE = YES;
				INFOPLIST_KEY_UIApplicationSceneManifest_Generation = YES;
				INFOPLIST_KEY_UIApplicationSupportsIndirectInputEvents = YES;
				INFOPLIST_KEY_UILaunchScreen_Generation = YES;
				INFOPLIST_KEY_UILaunchStoryboardName = LaunchScreen.storyboard;
				INFOPLIST_KEY_UISupportedInterfaceOrientations_iPad = "UIInterfaceOrientationPortrait UIInterfaceOrientationPortraitUpsideDown UIInterfaceOrientationLandscapeLeft UIInterfaceOrientationLandscapeRight";
				INFOPLIST_KEY_UISupportedInterfaceOrientations_iPhone = "UIInterfaceOrientationPortrait UIInterfaceOrientationLandscapeLeft UIInterfaceOrientationLandscapeRight";
				LD_RUNPATH_SEARCH_PATHS = (
					"$(inherited)",
					"@executable_path/Frameworks",
				);
				MARKETING_VERSION = 1.0;
				PRODUCT_BUNDLE_IDENTIFIER = com.TextSight;
				PRODUCT_NAME = "$(TARGET_NAME)";
				PROVISIONING_PROFILE_SPECIFIER = "";
				SWIFT_EMIT_LOC_STRINGS = YES;
				SWIFT_VERSION = 5.0;
				TARGETED_DEVICE_FAMILY = "1,2";
			};
			name = Debug;
		};
		CF2DB6632AEE3150004CCB12 /* Release */ = {
			isa = XCBuildConfiguration;
			baseConfigurationReference = 754A45CB04D35ACB593A7690 /* Pods-TextSight.release.xcconfig */;
			buildSettings = {
				ASSETCATALOG_COMPILER_APPICON_NAME = AppIcon;
				ASSETCATALOG_COMPILER_GLOBAL_ACCENT_COLOR_NAME = AccentColor;
				CODE_SIGN_STYLE = Manual;
				CURRENT_PROJECT_VERSION = 1;
				DEVELOPMENT_ASSET_PATHS = "\"TextSight/Preview Content\"";
				DEVELOPMENT_TEAM = "";
				ENABLE_PREVIEWS = YES;
				ENABLE_USER_SCRIPT_SANDBOXING = NO;
				EXCLUDED_ARCHS = arm64;
				GENERATE_INFOPLIST_FILE = YES;
				INFOPLIST_KEY_UIApplicationSceneManifest_Generation = YES;
				INFOPLIST_KEY_UIApplicationSupportsIndirectInputEvents = YES;
				INFOPLIST_KEY_UILaunchScreen_Generation = YES;
				INFOPLIST_KEY_UILaunchStoryboardName = LaunchScreen.storyboard;
				INFOPLIST_KEY_UISupportedInterfaceOrientations_iPad = "UIInterfaceOrientationPortrait UIInterfaceOrientationPortraitUpsideDown UIInterfaceOrientationLandscapeLeft UIInterfaceOrientationLandscapeRight";
				INFOPLIST_KEY_UISupportedInterfaceOrientations_iPhone = "UIInterfaceOrientationPortrait UIInterfaceOrientationLandscapeLeft UIInterfaceOrientationLandscapeRight";
				LD_RUNPATH_SEARCH_PATHS = (
					"$(inherited)",
					"@executable_path/Frameworks",
				);
				MARKETING_VERSION = 1.0;
				PRODUCT_BUNDLE_IDENTIFIER = com.TextSight;
				PRODUCT_NAME = "$(TARGET_NAME)";
				PROVISIONING_PROFILE_SPECIFIER = "";
				SWIFT_EMIT_LOC_STRINGS = YES;
				SWIFT_VERSION = 5.0;
				TARGETED_DEVICE_FAMILY = "1,2";
			};
			name = Release;
		};
/* End XCBuildConfiguration section */

/* Begin XCConfigurationList section */
		CF2DB64C2AEE314F004CCB12 /* Build configuration list for PBXProject "TextSight" */ = {
			isa = XCConfigurationList;
			buildConfigurations = (
				CF2DB65F2AEE3150004CCB12 /* Debug */,
				CF2DB6602AEE3150004CCB12 /* Release */,
			);
			defaultConfigurationIsVisible = 0;
			defaultConfigurationName = Release;
		};
		CF2DB6612AEE3150004CCB12 /* Build configuration list for PBXNativeTarget "TextSight" */ = {
			isa = XCConfigurationList;
			buildConfigurations = (
				CF2DB6622AEE3150004CCB12 /* Debug */,
				CF2DB6632AEE3150004CCB12 /* Release */,
			);
			defaultConfigurationIsVisible = 0;
			defaultConfigurationName = Release;
		};
/* End XCConfigurationList section */
	};
	rootObject = CF2DB6492AEE314F004CCB12 /* Project object */;
}
